
Microsoft Visual Studio Solution File, Format Version 12.00
# Visual Studio 14
VisualStudioVersion = 14.0.25420.1
MinimumVisualStudioVersion = 10.0.40219.1
Project("{FAE04EC0-301F-11D3-BF4B-00C04F79EFBC}") = "PayslipKata.Src", "PayslipKata\PayslipKata.Src\PayslipKata.Src.csproj", "{AD142852-6EF2-4991-AB12-8D11EFCE615A}"
EndProject
Project("{FAE04EC0-301F-11D3-BF4B-00C04F79EFBC}") = "PayslipKata.Test", "PayslipKata\PayslipKata.Test\PayslipKata.Test.csproj", "{D8B3C545-91B8-4F2E-A1C4-63785F732901}"
EndProject
Global
	GlobalSection(SolutionConfigurationPlatforms) = preSolution
		Debug|Any CPU = Debug|Any CPU
		Release|Any CPU = Release|Any CPU
	EndGlobalSection
	GlobalSection(ProjectConfigurationPlatforms) = postSolution
		{AD142852-6EF2-4991-AB12-8D11EFCE615A}.Debug|Any CPU.ActiveCfg = Debug|Any CPU
		{AD142852-6EF2-4991-AB12-8D11EFCE615A}.Debug|Any CPU.Build.0 = Debug|Any CPU
		{AD142852-6EF2-4991-AB12-8D11EFCE615A}.Release|Any CPU.ActiveCfg = Release|Any CPU
		{AD142852-6EF2-4991-AB12-8D11EFCE615A}.Release|Any CPU.Build.0 = Release|Any CPU
		{D8B3C545-91B8-4F2E-A1C4-63785F732901}.Debug|Any CPU.ActiveCfg = Debug|Any CPU
		{D8B3C545-91B8-4F2E-A1C4-63785F732901}.Debug|Any CPU.Build.0 = Debug|Any CPU
		{D8B3C545-91B8-4F2E-A1C4-63785F732901}.Release|Any CPU.ActiveCfg = Release|Any CPU
		{D8B3C545-91B8-4F2E-A1C4-63785F732901}.Release|Any CPU.Build.0 = Release|Any CPU
	EndGlobalSection
	GlobalSection(SolutionProperties) = preSolution
		HideSolutionNode = FALSE
	EndGlobalSection
EndGlobal
