
Microsoft Visual Studio Solution File, Format Version 12.00
# Visual Studio 14
VisualStudioVersion = 14.0.25123.0
MinimumVisualStudioVersion = 10.0.40219.1
Project("{FAE04EC0-301F-11D3-BF4B-00C04F79EFBC}") = "TicTacToeKata.Src", "TicTacToeKata.Src\TicTacToeKata.Src.csproj", "{CA03E5DF-699A-4DF9-BB00-B686E48ED7C3}"
EndProject
Project("{FAE04EC0-301F-11D3-BF4B-00C04F79EFBC}") = "TicTacToeKata.Tests", "TicTacToeKata.Tests\TicTacToeKata.Tests.csproj", "{151450CA-D5D9-46DE-A59D-32F44CD10C6D}"
EndProject
Global
	GlobalSection(SolutionConfigurationPlatforms) = preSolution
		Debug|Any CPU = Debug|Any CPU
		Release|Any CPU = Release|Any CPU
	EndGlobalSection
	GlobalSection(ProjectConfigurationPlatforms) = postSolution
		{CA03E5DF-699A-4DF9-BB00-B686E48ED7C3}.Debug|Any CPU.ActiveCfg = Debug|Any CPU
		{CA03E5DF-699A-4DF9-BB00-B686E48ED7C3}.Debug|Any CPU.Build.0 = Debug|Any CPU
		{CA03E5DF-699A-4DF9-BB00-B686E48ED7C3}.Release|Any CPU.ActiveCfg = Release|Any CPU
		{CA03E5DF-699A-4DF9-BB00-B686E48ED7C3}.Release|Any CPU.Build.0 = Release|Any CPU
		{151450CA-D5D9-46DE-A59D-32F44CD10C6D}.Debug|Any CPU.ActiveCfg = Debug|Any CPU
		{151450CA-D5D9-46DE-A59D-32F44CD10C6D}.Debug|Any CPU.Build.0 = Debug|Any CPU
		{151450CA-D5D9-46DE-A59D-32F44CD10C6D}.Release|Any CPU.ActiveCfg = Release|Any CPU
		{151450CA-D5D9-46DE-A59D-32F44CD10C6D}.Release|Any CPU.Build.0 = Release|Any CPU
	EndGlobalSection
	GlobalSection(SolutionProperties) = preSolution
		HideSolutionNode = FALSE
	EndGlobalSection
EndGlobal
